// !$*UTF8*$!
{
	archiveVersion = 1;
	classes = {
	};
	objectVersion = 55;
	objects = {

/* Begin PBXBuildFile section */
		9C6207B4290FAB8900C83FC1 /* AppDelegate.swift in Sources */ = {isa = PBXBuildFile; fileRef = 9C6207B3290FAB8900C83FC1 /* AppDelegate.swift */; };
		9C6207B6290FAB8900C83FC1 /* SceneDelegate.swift in Sources */ = {isa = PBXBuildFile; fileRef = 9C6207B5290FAB8900C83FC1 /* SceneDelegate.swift */; };
		9C6207B8290FAB8900C83FC1 /* ViewController.swift in Sources */ = {isa = PBXBuildFile; fileRef = 9C6207B7290FAB8900C83FC1 /* ViewController.swift */; };
		9C6207BB290FAB8900C83FC1 /* Main.storyboard in Resources */ = {isa = PBXBuildFile; fileRef = 9C6207B9290FAB8900C83FC1 /* Main.storyboard */; };
		9C6207BD290FAB8B00C83FC1 /* Assets.xcassets in Resources */ = {isa = PBXBuildFile; fileRef = 9C6207BC290FAB8B00C83FC1 /* Assets.xcassets */; };
		9C6207C0290FAB8B00C83FC1 /* LaunchScreen.storyboard in Resources */ = {isa = PBXBuildFile; fileRef = 9C6207BE290FAB8B00C83FC1 /* LaunchScreen.storyboard */; };
		9C6207CB290FAB8B00C83FC1 /* Loop_DemoTests.swift in Sources */ = {isa = PBXBuildFile; fileRef = 9C6207CA290FAB8B00C83FC1 /* Loop_DemoTests.swift */; };
		9C6207D5290FAB8B00C83FC1 /* Loop_DemoUITests.swift in Sources */ = {isa = PBXBuildFile; fileRef = 9C6207D4290FAB8B00C83FC1 /* Loop_DemoUITests.swift */; };
		9C6207D7290FAB8B00C83FC1 /* Loop_DemoUITestsLaunchTests.swift in Sources */ = {isa = PBXBuildFile; fileRef = 9C6207D6290FAB8B00C83FC1 /* Loop_DemoUITestsLaunchTests.swift */; };
/* End PBXBuildFile section */

/* Begin PBXContainerItemProxy section */
		9C6207C7290FAB8B00C83FC1 /* PBXContainerItemProxy */ = {
			isa = PBXContainerItemProxy;
			containerPortal = 9C6207A8290FAB8900C83FC1 /* Project object */;
			proxyType = 1;
			remoteGlobalIDString = 9C6207AF290FAB8900C83FC1;
			remoteInfo = Loop_Demo;
		};
		9C6207D1290FAB8B00C83FC1 /* PBXContainerItemProxy */ = {
			isa = PBXContainerItemProxy;
			containerPortal = 9C6207A8290FAB8900C83FC1 /* Project object */;
			proxyType = 1;
			remoteGlobalIDString = 9C6207AF290FAB8900C83FC1;
			remoteInfo = Loop_Demo;
		};
/* End PBXContainerItemProxy section */

/* Begin PBXFileReference section */
		9C6207B0290FAB8900C83FC1 /* Loop_Demo.app */ = {isa = PBXFileReference; explicitFileType = wrapper.application; includeInIndex = 0; path = Loop_Demo.app; sourceTree = BUILT_PRODUCTS_DIR; };
		9C6207B3290FAB8900C83FC1 /* AppDelegate.swift */ = {isa = PBXFileReference; lastKnownFileType = sourcecode.swift; path = AppDelegate.swift; sourceTree = "<group>"; };
		9C6207B5290FAB8900C83FC1 /* SceneDelegate.swift */ = {isa = PBXFileReference; lastKnownFileType = sourcecode.swift; path = SceneDelegate.swift; sourceTree = "<group>"; };
		9C6207B7290FAB8900C83FC1 /* ViewController.swift */ = {isa = PBXFileReference; lastKnownFileType = sourcecode.swift; path = ViewController.swift; sourceTree = "<group>"; };
		9C6207BA290FAB8900C83FC1 /* Base */ = {isa = PBXFileReference; lastKnownFileType = file.storyboard; name = Base; path = Base.lproj/Main.storyboard; sourceTree = "<group>"; };
		9C6207BC290FAB8B00C83FC1 /* Assets.xcassets */ = {isa = PBXFileReference; lastKnownFileType = folder.assetcatalog; path = Assets.xcassets; sourceTree = "<group>"; };
		9C6207BF290FAB8B00C83FC1 /* Base */ = {isa = PBXFileReference; lastKnownFileType = file.storyboard; name = Base; path = Base.lproj/LaunchScreen.storyboard; sourceTree = "<group>"; };
		9C6207C1290FAB8B00C83FC1 /* Info.plist */ = {isa = PBXFileReference; lastKnownFileType = text.plist.xml; path = Info.plist; sourceTree = "<group>"; };
		9C6207C6290FAB8B00C83FC1 /* Loop_DemoTests.xctest */ = {isa = PBXFileReference; explicitFileType = wrapper.cfbundle; includeInIndex = 0; path = Loop_DemoTests.xctest; sourceTree = BUILT_PRODUCTS_DIR; };
		9C6207CA290FAB8B00C83FC1 /* Loop_DemoTests.swift */ = {isa = PBXFileReference; lastKnownFileType = sourcecode.swift; path = Loop_DemoTests.swift; sourceTree = "<group>"; };
		9C6207D0290FAB8B00C83FC1 /* Loop_DemoUITests.xctest */ = {isa = PBXFileReference; explicitFileType = wrapper.cfbundle; includeInIndex = 0; path = Loop_DemoUITests.xctest; sourceTree = BUILT_PRODUCTS_DIR; };
		9C6207D4290FAB8B00C83FC1 /* Loop_DemoUITests.swift */ = {isa = PBXFileReference; lastKnownFileType = sourcecode.swift; path = Loop_DemoUITests.swift; sourceTree = "<group>"; };
		9C6207D6290FAB8B00C83FC1 /* Loop_DemoUITestsLaunchTests.swift */ = {isa = PBXFileReference; lastKnownFileType = sourcecode.swift; path = Loop_DemoUITestsLaunchTests.swift; sourceTree = "<group>"; };
/* End PBXFileReference section */

/* Begin PBXFrameworksBuildPhase section */
		9C6207AD290FAB8900C83FC1 /* Frameworks */ = {
			isa = PBXFrameworksBuildPhase;
			buildActionMask = 2147483647;
			files = (
			);
			runOnlyForDeploymentPostprocessing = 0;
		};
		9C6207C3290FAB8B00C83FC1 /* Frameworks */ = {
			isa = PBXFrameworksBuildPhase;
			buildActionMask = 2147483647;
			files = (
			);
			runOnlyForDeploymentPostprocessing = 0;
		};
		9C6207CD290FAB8B00C83FC1 /* Frameworks */ = {
			isa = PBXFrameworksBuildPhase;
			buildActionMask = 2147483647;
			files = (
			);
			runOnlyForDeploymentPostprocessing = 0;
		};
/* End PBXFrameworksBuildPhase section */

/* Begin PBXGroup section */
		9C6207A7290FAB8900C83FC1 = {
			isa = PBXGroup;
			children = (
				9C6207B2290FAB8900C83FC1 /* Loop_Demo */,
				9C6207C9290FAB8B00C83FC1 /* Loop_DemoTests */,
				9C6207D3290FAB8B00C83FC1 /* Loop_DemoUITests */,
				9C6207B1290FAB8900C83FC1 /* Products */,
			);
			sourceTree = "<group>";
		};
		9C6207B1290FAB8900C83FC1 /* Products */ = {
			isa = PBXGroup;
			children = (
				9C6207B0290FAB8900C83FC1 /* Loop_Demo.app */,
				9C6207C6290FAB8B00C83FC1 /* Loop_DemoTests.xctest */,
				9C6207D0290FAB8B00C83FC1 /* Loop_DemoUITests.xctest */,
			);
			name = Products;
			sourceTree = "<group>";
		};
		9C6207B2290FAB8900C83FC1 /* Loop_Demo */ = {
			isa = PBXGroup;
			children = (
				9C6207B3290FAB8900C83FC1 /* AppDelegate.swift */,
				9C6207B5290FAB8900C83FC1 /* SceneDelegate.swift */,
				9C6207B7290FAB8900C83FC1 /* ViewController.swift */,
				9C6207B9290FAB8900C83FC1 /* Main.storyboard */,
				9C6207BC290FAB8B00C83FC1 /* Assets.xcassets */,
				9C6207BE290FAB8B00C83FC1 /* LaunchScreen.storyboard */,
				9C6207C1290FAB8B00C83FC1 /* Info.plist */,
			);
			path = Loop_Demo;
			sourceTree = "<group>";
		};
		9C6207C9290FAB8B00C83FC1 /* Loop_DemoTests */ = {
			isa = PBXGroup;
			children = (
				9C6207CA290FAB8B00C83FC1 /* Loop_DemoTests.swift */,
			);
			path = Loop_DemoTests;
			sourceTree = "<group>";
		};
		9C6207D3290FAB8B00C83FC1 /* Loop_DemoUITests */ = {
			isa = PBXGroup;
			children = (
				9C6207D4290FAB8B00C83FC1 /* Loop_DemoUITests.swift */,
				9C6207D6290FAB8B00C83FC1 /* Loop_DemoUITestsLaunchTests.swift */,
			);
			path = Loop_DemoUITests;
			sourceTree = "<group>";
		};
/* End PBXGroup section */

/* Begin PBXNativeTarget section */
		9C6207AF290FAB8900C83FC1 /* Loop_Demo */ = {
			isa = PBXNativeTarget;
			buildConfigurationList = 9C6207DA290FAB8B00C83FC1 /* Build configuration list for PBXNativeTarget "Loop_Demo" */;
			buildPhases = (
				9C6207AC290FAB8900C83FC1 /* Sources */,
				9C6207AD290FAB8900C83FC1 /* Frameworks */,
				9C6207AE290FAB8900C83FC1 /* Resources */,
			);
			buildRules = (
			);
			dependencies = (
			);
			name = Loop_Demo;
			productName = Loop_Demo;
			productReference = 9C6207B0290FAB8900C83FC1 /* Loop_Demo.app */;
			productType = "com.apple.product-type.application";
		};
		9C6207C5290FAB8B00C83FC1 /* Loop_DemoTests */ = {
			isa = PBXNativeTarget;
			buildConfigurationList = 9C6207DD290FAB8B00C83FC1 /* Build configuration list for PBXNativeTarget "Loop_DemoTests" */;
			buildPhases = (
				9C6207C2290FAB8B00C83FC1 /* Sources */,
				9C6207C3290FAB8B00C83FC1 /* Frameworks */,
				9C6207C4290FAB8B00C83FC1 /* Resources */,
			);
			buildRules = (
			);
			dependencies = (
				9C6207C8290FAB8B00C83FC1 /* PBXTargetDependency */,
			);
			name = Loop_DemoTests;
			productName = Loop_DemoTests;
			productReference = 9C6207C6290FAB8B00C83FC1 /* Loop_DemoTests.xctest */;
			productType = "com.apple.product-type.bundle.unit-test";
		};
		9C6207CF290FAB8B00C83FC1 /* Loop_DemoUITests */ = {
			isa = PBXNativeTarget;
			buildConfigurationList = 9C6207E0290FAB8B00C83FC1 /* Build configuration list for PBXNativeTarget "Loop_DemoUITests" */;
			buildPhases = (
				9C6207CC290FAB8B00C83FC1 /* Sources */,
				9C6207CD290FAB8B00C83FC1 /* Frameworks */,
				9C6207CE290FAB8B00C83FC1 /* Resources */,
			);
			buildRules = (
			);
			dependencies = (
				9C6207D2290FAB8B00C83FC1 /* PBXTargetDependency */,
			);
			name = Loop_DemoUITests;
			productName = Loop_DemoUITests;
			productReference = 9C6207D0290FAB8B00C83FC1 /* Loop_DemoUITests.xctest */;
			productType = "com.apple.product-type.bundle.ui-testing";
		};
/* End PBXNativeTarget section */

/* Begin PBXProject section */
		9C6207A8290FAB8900C83FC1 /* Project object */ = {
			isa = PBXProject;
			attributes = {
				BuildIndependentTargetsInParallel = 1;
				LastSwiftUpdateCheck = 1340;
				LastUpgradeCheck = 1340;
				TargetAttributes = {
					9C6207AF290FAB8900C83FC1 = {
						CreatedOnToolsVersion = 13.4;
					};
					9C6207C5290FAB8B00C83FC1 = {
						CreatedOnToolsVersion = 13.4;
						TestTargetID = 9C6207AF290FAB8900C83FC1;
					};
					9C6207CF290FAB8B00C83FC1 = {
						CreatedOnToolsVersion = 13.4;
						TestTargetID = 9C6207AF290FAB8900C83FC1;
					};
				};
			};
			buildConfigurationList = 9C6207AB290FAB8900C83FC1 /* Build configuration list for PBXProject "Loop_Demo" */;
			compatibilityVersion = "Xcode 13.0";
			developmentRegion = en;
			hasScannedForEncodings = 0;
			knownRegions = (
				en,
				Base,
			);
			mainGroup = 9C6207A7290FAB8900C83FC1;
			productRefGroup = 9C6207B1290FAB8900C83FC1 /* Products */;
			projectDirPath = "";
			projectRoot = "";
			targets = (
				9C6207AF290FAB8900C83FC1 /* Loop_Demo */,
				9C6207C5290FAB8B00C83FC1 /* Loop_DemoTests */,
				9C6207CF290FAB8B00C83FC1 /* Loop_DemoUITests */,
			);
		};
/* End PBXProject section */

/* Begin PBXResourcesBuildPhase section */
		9C6207AE290FAB8900C83FC1 /* Resources */ = {
			isa = PBXResourcesBuildPhase;
			buildActionMask = 2147483647;
			files = (
				9C6207C0290FAB8B00C83FC1 /* LaunchScreen.storyboard in Resources */,
				9C6207BD290FAB8B00C83FC1 /* Assets.xcassets in Resources */,
				9C6207BB290FAB8900C83FC1 /* Main.storyboard in Resources */,
			);
			runOnlyForDeploymentPostprocessing = 0;
		};
		9C6207C4290FAB8B00C83FC1 /* Resources */ = {
			isa = PBXResourcesBuildPhase;
			buildActionMask = 2147483647;
			files = (
			);
			runOnlyForDeploymentPostprocessing = 0;
		};
		9C6207CE290FAB8B00C83FC1 /* Resources */ = {
			isa = PBXResourcesBuildPhase;
			buildActionMask = 2147483647;
			files = (
			);
			runOnlyForDeploymentPostprocessing = 0;
		};
/* End PBXResourcesBuildPhase section */

/* Begin PBXSourcesBuildPhase section */
		9C6207AC290FAB8900C83FC1 /* Sources */ = {
			isa = PBXSourcesBuildPhase;
			buildActionMask = 2147483647;
			files = (
				9C6207B8290FAB8900C83FC1 /* ViewController.swift in Sources */,
				9C6207B4290FAB8900C83FC1 /* AppDelegate.swift in Sources */,
				9C6207B6290FAB8900C83FC1 /* SceneDelegate.swift in Sources */,
			);
			runOnlyForDeploymentPostprocessing = 0;
		};
		9C6207C2290FAB8B00C83FC1 /* Sources */ = {
			isa = PBXSourcesBuildPhase;
			buildActionMask = 2147483647;
			files = (
				9C6207CB290FAB8B00C83FC1 /* Loop_DemoTests.swift in Sources */,
			);
			runOnlyForDeploymentPostprocessing = 0;
		};
		9C6207CC290FAB8B00C83FC1 /* Sources */ = {
			isa = PBXSourcesBuildPhase;
			buildActionMask = 2147483647;
			files = (
				9C6207D5290FAB8B00C83FC1 /* Loop_DemoUITests.swift in Sources */,
				9C6207D7290FAB8B00C83FC1 /* Loop_DemoUITestsLaunchTests.swift in Sources */,
			);
			runOnlyForDeploymentPostprocessing = 0;
		};
/* End PBXSourcesBuildPhase section */

/* Begin PBXTargetDependency section */
		9C6207C8290FAB8B00C83FC1 /* PBXTargetDependency */ = {
			isa = PBXTargetDependency;
			target = 9C6207AF290FAB8900C83FC1 /* Loop_Demo */;
			targetProxy = 9C6207C7290FAB8B00C83FC1 /* PBXContainerItemProxy */;
		};
		9C6207D2290FAB8B00C83FC1 /* PBXTargetDependency */ = {
			isa = PBXTargetDependency;
			target = 9C6207AF290FAB8900C83FC1 /* Loop_Demo */;
			targetProxy = 9C6207D1290FAB8B00C83FC1 /* PBXContainerItemProxy */;
		};
/* End PBXTargetDependency section */

/* Begin PBXVariantGroup section */
		9C6207B9290FAB8900C83FC1 /* Main.storyboard */ = {
			isa = PBXVariantGroup;
			children = (
				9C6207BA290FAB8900C83FC1 /* Base */,
			);
			name = Main.storyboard;
			sourceTree = "<group>";
		};
		9C6207BE290FAB8B00C83FC1 /* LaunchScreen.storyboard */ = {
			isa = PBXVariantGroup;
			children = (
				9C6207BF290FAB8B00C83FC1 /* Base */,
			);
			name = LaunchScreen.storyboard;
			sourceTree = "<group>";
		};
/* End PBXVariantGroup section */

/* Begin XCBuildConfiguration section */
		9C6207D8290FAB8B00C83FC1 /* Debug */ = {
			isa = XCBuildConfiguration;
			buildSettings = {
				ALWAYS_SEARCH_USER_PATHS = NO;
				CLANG_ANALYZER_NONNULL = YES;
				CLANG_ANALYZER_NUMBER_OBJECT_CONVERSION = YES_AGGRESSIVE;
				CLANG_CXX_LANGUAGE_STANDARD = "gnu++17";
				CLANG_ENABLE_MODULES = YES;
				CLANG_ENABLE_OBJC_ARC = YES;
				CLANG_ENABLE_OBJC_WEAK = YES;
				CLANG_WARN_BLOCK_CAPTURE_AUTORELEASING = YES;
				CLANG_WARN_BOOL_CONVERSION = YES;
				CLANG_WARN_COMMA = YES;
				CLANG_WARN_CONSTANT_CONVERSION = YES;
				CLANG_WARN_DEPRECATED_OBJC_IMPLEMENTATIONS = YES;
				CLANG_WARN_DIRECT_OBJC_ISA_USAGE = YES_ERROR;
				CLANG_WARN_DOCUMENTATION_COMMENTS = YES;
				CLANG_WARN_EMPTY_BODY = YES;
				CLANG_WARN_ENUM_CONVERSION = YES;
				CLANG_WARN_INFINITE_RECURSION = YES;
				CLANG_WARN_INT_CONVERSION = YES;
				CLANG_WARN_NON_LITERAL_NULL_CONVERSION = YES;
				CLANG_WARN_OBJC_IMPLICIT_RETAIN_SELF = YES;
				CLANG_WARN_OBJC_LITERAL_CONVERSION = YES;
				CLANG_WARN_OBJC_ROOT_CLASS = YES_ERROR;
				CLANG_WARN_QUOTED_INCLUDE_IN_FRAMEWORK_HEADER = YES;
				CLANG_WARN_RANGE_LOOP_ANALYSIS = YES;
				CLANG_WARN_STRICT_PROTOTYPES = YES;
				CLANG_WARN_SUSPICIOUS_MOVE = YES;
				CLANG_WARN_UNGUARDED_AVAILABILITY = YES_AGGRESSIVE;
				CLANG_WARN_UNREACHABLE_CODE = YES;
				CLANG_WARN__DUPLICATE_METHOD_MATCH = YES;
				COPY_PHASE_STRIP = NO;
				DEBUG_INFORMATION_FORMAT = dwarf;
				ENABLE_STRICT_OBJC_MSGSEND = YES;
				ENABLE_TESTABILITY = YES;
				GCC_C_LANGUAGE_STANDARD = gnu11;
				GCC_DYNAMIC_NO_PIC = NO;
				GCC_NO_COMMON_BLOCKS = YES;
				GCC_OPTIMIZATION_LEVEL = 0;
				GCC_PREPROCESSOR_DEFINITIONS = (
					"DEBUG=1",
					"$(inherited)",
				);
				GCC_WARN_64_TO_32_BIT_CONVERSION = YES;
				GCC_WARN_ABOUT_RETURN_TYPE = YES_ERROR;
				GCC_WARN_UNDECLARED_SELECTOR = YES;
				GCC_WARN_UNINITIALIZED_AUTOS = YES_AGGRESSIVE;
				GCC_WARN_UNUSED_FUNCTION = YES;
				GCC_WARN_UNUSED_VARIABLE = YES;
				IPHONEOS_DEPLOYMENT_TARGET = 15.5;
				MTL_ENABLE_DEBUG_INFO = INCLUDE_SOURCE;
				MTL_FAST_MATH = YES;
				ONLY_ACTIVE_ARCH = YES;
				SDKROOT = iphoneos;
				SWIFT_ACTIVE_COMPILATION_CONDITIONS = DEBUG;
				SWIFT_OPTIMIZATION_LEVEL = "-Onone";
			};
			name = Debug;
		};
		9C6207D9290FAB8B00C83FC1 /* Release */ = {
			isa = XCBuildConfiguration;
			buildSettings = {
				ALWAYS_SEARCH_USER_PATHS = NO;
				CLANG_ANALYZER_NONNULL = YES;
				CLANG_ANALYZER_NUMBER_OBJECT_CONVERSION = YES_AGGRESSIVE;
				CLANG_CXX_LANGUAGE_STANDARD = "gnu++17";
				CLANG_ENABLE_MODULES = YES;
				CLANG_ENABLE_OBJC_ARC = YES;
				CLANG_ENABLE_OBJC_WEAK = YES;
				CLANG_WARN_BLOCK_CAPTURE_AUTORELEASING = YES;
				CLANG_WARN_BOOL_CONVERSION = YES;
				CLANG_WARN_COMMA = YES;
				CLANG_WARN_CONSTANT_CONVERSION = YES;
				CLANG_WARN_DEPRECATED_OBJC_IMPLEMENTATIONS = YES;
				CLANG_WARN_DIRECT_OBJC_ISA_USAGE = YES_ERROR;
				CLANG_WARN_DOCUMENTATION_COMMENTS = YES;
				CLANG_WARN_EMPTY_BODY = YES;
				CLANG_WARN_ENUM_CONVERSION = YES;
				CLANG_WARN_INFINITE_RECURSION = YES;
				CLANG_WARN_INT_CONVERSION = YES;
				CLANG_WARN_NON_LITERAL_NULL_CONVERSION = YES;
				CLANG_WARN_OBJC_IMPLICIT_RETAIN_SELF = YES;
				CLANG_WARN_OBJC_LITERAL_CONVERSION = YES;
				CLANG_WARN_OBJC_ROOT_CLASS = YES_ERROR;
				CLANG_WARN_QUOTED_INCLUDE_IN_FRAMEWORK_HEADER = YES;
				CLANG_WARN_RANGE_LOOP_ANALYSIS = YES;
				CLANG_WARN_STRICT_PROTOTYPES = YES;
				CLANG_WARN_SUSPICIOUS_MOVE = YES;
				CLANG_WARN_UNGUARDED_AVAILABILITY = YES_AGGRESSIVE;
				CLANG_WARN_UNREACHABLE_CODE = YES;
				CLANG_WARN__DUPLICATE_METHOD_MATCH = YES;
				COPY_PHASE_STRIP = NO;
				DEBUG_INFORMATION_FORMAT = "dwarf-with-dsym";
				ENABLE_NS_ASSERTIONS = NO;
				ENABLE_STRICT_OBJC_MSGSEND = YES;
				GCC_C_LANGUAGE_STANDARD = gnu11;
				GCC_NO_COMMON_BLOCKS = YES;
				GCC_WARN_64_TO_32_BIT_CONVERSION = YES;
				GCC_WARN_ABOUT_RETURN_TYPE = YES_ERROR;
				GCC_WARN_UNDECLARED_SELECTOR = YES;
				GCC_WARN_UNINITIALIZED_AUTOS = YES_AGGRESSIVE;
				GCC_WARN_UNUSED_FUNCTION = YES;
				GCC_WARN_UNUSED_VARIABLE = YES;
				IPHONEOS_DEPLOYMENT_TARGET = 15.5;
				MTL_ENABLE_DEBUG_INFO = NO;
				MTL_FAST_MATH = YES;
				SDKROOT = iphoneos;
				SWIFT_COMPILATION_MODE = wholemodule;
				SWIFT_OPTIMIZATION_LEVEL = "-O";
				VALIDATE_PRODUCT = YES;
			};
			name = Release;
		};
		9C6207DB290FAB8B00C83FC1 /* Debug */ = {
			isa = XCBuildConfiguration;
			buildSettings = {
				ASSETCATALOG_COMPILER_APPICON_NAME = AppIcon;
				ASSETCATALOG_COMPILER_GLOBAL_ACCENT_COLOR_NAME = AccentColor;
				CODE_SIGN_STYLE = Automatic;
				CURRENT_PROJECT_VERSION = 1;
				DEVELOPMENT_TEAM = VC2UB62QHU;
				GENERATE_INFOPLIST_FILE = YES;
				INFOPLIST_FILE = Loop_Demo/Info.plist;
				INFOPLIST_KEY_UIApplicationSupportsIndirectInputEvents = YES;
				INFOPLIST_KEY_UILaunchStoryboardName = LaunchScreen;
				INFOPLIST_KEY_UIMainStoryboardFile = Main;
				INFOPLIST_KEY_UISupportedInterfaceOrientations_iPad = "UIInterfaceOrientationPortrait UIInterfaceOrientationPortraitUpsideDown UIInterfaceOrientationLandscapeLeft UIInterfaceOrientationLandscapeRight";
				INFOPLIST_KEY_UISupportedInterfaceOrientations_iPhone = "UIInterfaceOrientationPortrait UIInterfaceOrientationLandscapeLeft UIInterfaceOrientationLandscapeRight";
				LD_RUNPATH_SEARCH_PATHS = (
					"$(inherited)",
					"@executable_path/Frameworks",
				);
				MARKETING_VERSION = 1.0;
				PRODUCT_BUNDLE_IDENTIFIER = "MG.Loop-Demo";
				PRODUCT_NAME = "$(TARGET_NAME)";
				SWIFT_EMIT_LOC_STRINGS = YES;
				SWIFT_VERSION = 5.0;
				TARGETED_DEVICE_FAMILY = "1,2";
			};
			name = Debug;
		};
		9C6207DC290FAB8B00C83FC1 /* Release */ = {
			isa = XCBuildConfiguration;
			buildSettings = {
				ASSETCATALOG_COMPILER_APPICON_NAME = AppIcon;
				ASSETCATALOG_COMPILER_GLOBAL_ACCENT_COLOR_NAME = AccentColor;
				CODE_SIGN_STYLE = Automatic;
				CURRENT_PROJECT_VERSION = 1;
				DEVELOPMENT_TEAM = VC2UB62QHU;
				GENERATE_INFOPLIST_FILE = YES;
				INFOPLIST_FILE = Loop_Demo/Info.plist;
				INFOPLIST_KEY_UIApplicationSupportsIndirectInputEvents = YES;
				INFOPLIST_KEY_UILaunchStoryboardName = LaunchScreen;
				INFOPLIST_KEY_UIMainStoryboardFile = Main;
				INFOPLIST_KEY_UISupportedInterfaceOrientations_iPad = "UIInterfaceOrientationPortrait UIInterfaceOrientationPortraitUpsideDown UIInterfaceOrientationLandscapeLeft UIInterfaceOrientationLandscapeRight";
				INFOPLIST_KEY_UISupportedInterfaceOrientations_iPhone = "UIInterfaceOrientationPortrait UIInterfaceOrientationLandscapeLeft UIInterfaceOrientationLandscapeRight";
				LD_RUNPATH_SEARCH_PATHS = (
					"$(inherited)",
					"@executable_path/Frameworks",
				);
				MARKETING_VERSION = 1.0;
				PRODUCT_BUNDLE_IDENTIFIER = "MG.Loop-Demo";
				PRODUCT_NAME = "$(TARGET_NAME)";
				SWIFT_EMIT_LOC_STRINGS = YES;
				SWIFT_VERSION = 5.0;
				TARGETED_DEVICE_FAMILY = "1,2";
			};
			name = Release;
		};
		9C6207DE290FAB8B00C83FC1 /* Debug */ = {
			isa = XCBuildConfiguration;
			buildSettings = {
				ALWAYS_EMBED_SWIFT_STANDARD_LIBRARIES = YES;
				BUNDLE_LOADER = "$(TEST_HOST)";
				CODE_SIGN_STYLE = Automatic;
				CURRENT_PROJECT_VERSION = 1;
				DEVELOPMENT_TEAM = VC2UB62QHU;
				GENERATE_INFOPLIST_FILE = YES;
				IPHONEOS_DEPLOYMENT_TARGET = 15.5;
				MARKETING_VERSION = 1.0;
				PRODUCT_BUNDLE_IDENTIFIER = "MG.Loop-DemoTests";
				PRODUCT_NAME = "$(TARGET_NAME)";
				SWIFT_EMIT_LOC_STRINGS = NO;
				SWIFT_VERSION = 5.0;
				TARGETED_DEVICE_FAMILY = "1,2";
				TEST_HOST = "$(BUILT_PRODUCTS_DIR)/Loop_Demo.app/Loop_Demo";
			};
			name = Debug;
		};
		9C6207DF290FAB8B00C83FC1 /* Release */ = {
			isa = XCBuildConfiguration;
			buildSettings = {
				ALWAYS_EMBED_SWIFT_STANDARD_LIBRARIES = YES;
				BUNDLE_LOADER = "$(TEST_HOST)";
				CODE_SIGN_STYLE = Automatic;
				CURRENT_PROJECT_VERSION = 1;
				DEVELOPMENT_TEAM = VC2UB62QHU;
				GENERATE_INFOPLIST_FILE = YES;
				IPHONEOS_DEPLOYMENT_TARGET = 15.5;
				MARKETING_VERSION = 1.0;
				PRODUCT_BUNDLE_IDENTIFIER = "MG.Loop-DemoTests";
				PRODUCT_NAME = "$(TARGET_NAME)";
				SWIFT_EMIT_LOC_STRINGS = NO;
				SWIFT_VERSION = 5.0;
				TARGETED_DEVICE_FAMILY = "1,2";
				TEST_HOST = "$(BUILT_PRODUCTS_DIR)/Loop_Demo.app/Loop_Demo";
			};
			name = Release;
		};
		9C6207E1290FAB8B00C83FC1 /* Debug */ = {
			isa = XCBuildConfiguration;
			buildSettings = {
				ALWAYS_EMBED_SWIFT_STANDARD_LIBRARIES = YES;
				CODE_SIGN_STYLE = Automatic;
				CURRENT_PROJECT_VERSION = 1;
				DEVELOPMENT_TEAM = VC2UB62QHU;
				GENERATE_INFOPLIST_FILE = YES;
				MARKETING_VERSION = 1.0;
				PRODUCT_BUNDLE_IDENTIFIER = "MG.Loop-DemoUITests";
				PRODUCT_NAME = "$(TARGET_NAME)";
				SWIFT_EMIT_LOC_STRINGS = NO;
				SWIFT_VERSION = 5.0;
				TARGETED_DEVICE_FAMILY = "1,2";
				TEST_TARGET_NAME = Loop_Demo;
			};
			name = Debug;
		};
		9C6207E2290FAB8B00C83FC1 /* Release */ = {
			isa = XCBuildConfiguration;
			buildSettings = {
				ALWAYS_EMBED_SWIFT_STANDARD_LIBRARIES = YES;
				CODE_SIGN_STYLE = Automatic;
				CURRENT_PROJECT_VERSION = 1;
				DEVELOPMENT_TEAM = VC2UB62QHU;
				GENERATE_INFOPLIST_FILE = YES;
				MARKETING_VERSION = 1.0;
				PRODUCT_BUNDLE_IDENTIFIER = "MG.Loop-DemoUITests";
				PRODUCT_NAME = "$(TARGET_NAME)";
				SWIFT_EMIT_LOC_STRINGS = NO;
				SWIFT_VERSION = 5.0;
				TARGETED_DEVICE_FAMILY = "1,2";
				TEST_TARGET_NAME = Loop_Demo;
			};
			name = Release;
		};
/* End XCBuildConfiguration section */

/* Begin XCConfigurationList section */
		9C6207AB290FAB8900C83FC1 /* Build configuration list for PBXProject "Loop_Demo" */ = {
			isa = XCConfigurationList;
			buildConfigurations = (
				9C6207D8290FAB8B00C83FC1 /* Debug */,
				9C6207D9290FAB8B00C83FC1 /* Release */,
			);
			defaultConfigurationIsVisible = 0;
			defaultConfigurationName = Release;
		};
		9C6207DA290FAB8B00C83FC1 /* Build configuration list for PBXNativeTarget "Loop_Demo" */ = {
			isa = XCConfigurationList;
			buildConfigurations = (
				9C6207DB290FAB8B00C83FC1 /* Debug */,
				9C6207DC290FAB8B00C83FC1 /* Release */,
			);
			defaultConfigurationIsVisible = 0;
			defaultConfigurationName = Release;
		};
		9C6207DD290FAB8B00C83FC1 /* Build configuration list for PBXNativeTarget "Loop_DemoTests" */ = {
			isa = XCConfigurationList;
			buildConfigurations = (
				9C6207DE290FAB8B00C83FC1 /* Debug */,
				9C6207DF290FAB8B00C83FC1 /* Release */,
			);
			defaultConfigurationIsVisible = 0;
			defaultConfigurationName = Release;
		};
		9C6207E0290FAB8B00C83FC1 /* Build configuration list for PBXNativeTarget "Loop_DemoUITests" */ = {
			isa = XCConfigurationList;
			buildConfigurations = (
				9C6207E1290FAB8B00C83FC1 /* Debug */,
				9C6207E2290FAB8B00C83FC1 /* Release */,
			);
			defaultConfigurationIsVisible = 0;
			defaultConfigurationName = Release;
		};
/* End XCConfigurationList section */
	};
	rootObject = 9C6207A8290FAB8900C83FC1 /* Project object */;
}
